Microsoft Visual Studio Solution File, Format Version 11.00
# Visual Studio 2008

Project("{A15ACE68-4C3D-2A84-D739-2EFB31CF49EC}") = "GameJamTest", "Assembly-CSharp-firstpass.csproj", "{25A0F5F5-924C-B056-F118-DE7FC1AD2E54}"
EndProject
Project("{A15ACE68-4C3D-2A84-D739-2EFB31CF49EC}") = "GameJamTest", "Assembly-CSharp.csproj", "{9E2D2E3B-19F8-34B1-292B-8F9CACB9D072}"
EndProject
Project("{A15ACE68-4C3D-2A84-D739-2EFB31CF49EC}") = "GameJamTest", "Assembly-UnityScript-firstpass.unityproj", "{EA6C5073-5322-0253-1F78-43D4BA6DC6AE}"
EndProject
Project("{A15ACE68-4C3D-2A84-D739-2EFB31CF49EC}") = "GameJamTest", "Assembly-UnityScript-Editor.unityproj", "{088D64DA-89D4-CB2A-446D-272704E9454B}"
EndProject
Global
	GlobalSection(SolutionConfigurationPlatforms) = preSolution
		Debug|Any CPU = Debug|Any CPU
		Release|Any CPU = Release|Any CPU
	EndGlobalSection
	GlobalSection(ProjectConfigurationPlatforms) = postSolution
		{25A0F5F5-924C-B056-F118-DE7FC1AD2E54}.Debug|Any CPU.ActiveCfg = Debug|Any CPU
		{25A0F5F5-924C-B056-F118-DE7FC1AD2E54}.Debug|Any CPU.Build.0 = Debug|Any CPU
		{25A0F5F5-924C-B056-F118-DE7FC1AD2E54}.Release|Any CPU.ActiveCfg = Release|Any CPU
		{25A0F5F5-924C-B056-F118-DE7FC1AD2E54}.Release|Any CPU.Build.0 = Release|Any CPU
		{9E2D2E3B-19F8-34B1-292B-8F9CACB9D072}.Debug|Any CPU.ActiveCfg = Debug|Any CPU
		{9E2D2E3B-19F8-34B1-292B-8F9CACB9D072}.Debug|Any CPU.Build.0 = Debug|Any CPU
		{9E2D2E3B-19F8-34B1-292B-8F9CACB9D072}.Release|Any CPU.ActiveCfg = Release|Any CPU
		{9E2D2E3B-19F8-34B1-292B-8F9CACB9D072}.Release|Any CPU.Build.0 = Release|Any CPU
		{EA6C5073-5322-0253-1F78-43D4BA6DC6AE}.Debug|Any CPU.ActiveCfg = Debug|Any CPU
		{EA6C5073-5322-0253-1F78-43D4BA6DC6AE}.Debug|Any CPU.Build.0 = Debug|Any CPU
		{EA6C5073-5322-0253-1F78-43D4BA6DC6AE}.Release|Any CPU.ActiveCfg = Release|Any CPU
		{EA6C5073-5322-0253-1F78-43D4BA6DC6AE}.Release|Any CPU.Build.0 = Release|Any CPU
		{088D64DA-89D4-CB2A-446D-272704E9454B}.Debug|Any CPU.ActiveCfg = Debug|Any CPU
		{088D64DA-89D4-CB2A-446D-272704E9454B}.Debug|Any CPU.Build.0 = Debug|Any CPU
		{088D64DA-89D4-CB2A-446D-272704E9454B}.Release|Any CPU.ActiveCfg = Release|Any CPU
		{088D64DA-89D4-CB2A-446D-272704E9454B}.Release|Any CPU.Build.0 = Release|Any CPU
	EndGlobalSection
	GlobalSection(SolutionProperties) = preSolution
		HideSolutionNode = FALSE
	EndGlobalSection
																																												GlobalSection(MonoDevelopProperties) = preSolution
		StartupItem = Assembly-CSharp.csproj
		Policies = $0
		$0.TextStylePolicy = $1
		$1.inheritsSet = null
		$1.scope = text/x-csharp
		$0.CSharpFormattingPolicy = $2
		$2.inheritsSet = Mono
		$2.inheritsScope = text/x-csharp
		$2.scope = text/x-csharp
		$0.TextStylePolicy = $3
		$3.FileWidth = 120
		$3.TabWidth = 4
		$3.EolMarker = Unix
		$3.inheritsSet = Mono
		$3.inheritsScope = text/plain
		$3.scope = text/plain
	EndGlobalSection

EndGlobal
