Microsoft Visual Studio Solution File, Format Version 11.00
# Visual Studio 2008

Project("{3E26FF04-4A6B-7532-EAFD-BC88E746BC74}") = "TGJ day 3, 0004", "Assembly-CSharp-firstpass-vs.csproj", "{E2DDFC82-5706-E856-9B09-7F34B4CFEA75}"
EndProject
Project("{3E26FF04-4A6B-7532-EAFD-BC88E746BC74}") = "TGJ day 3, 0004", "Assembly-CSharp-vs.csproj", "{F73E7EF8-EC85-94DB-54CD-1C9B53767859}"
EndProject
Project("{3E26FF04-4A6B-7532-EAFD-BC88E746BC74}") = "TGJ day 3, 0004", "Assembly-CSharp-Editor-vs.csproj", "{55CCC858-9183-949A-070D-6DFA9D89D1BF}"
EndProject
Global
	GlobalSection(SolutionConfigurationPlatforms) = preSolution
		Debug|Any CPU = Debug|Any CPU
		Release|Any CPU = Release|Any CPU
	EndGlobalSection
	GlobalSection(ProjectConfigurationPlatforms) = postSolution
		{E2DDFC82-5706-E856-9B09-7F34B4CFEA75}.Debug|Any CPU.ActiveCfg = Debug|Any CPU
		{E2DDFC82-5706-E856-9B09-7F34B4CFEA75}.Debug|Any CPU.Build.0 = Debug|Any CPU
		{E2DDFC82-5706-E856-9B09-7F34B4CFEA75}.Release|Any CPU.ActiveCfg = Release|Any CPU
		{E2DDFC82-5706-E856-9B09-7F34B4CFEA75}.Release|Any CPU.Build.0 = Release|Any CPU
		{F73E7EF8-EC85-94DB-54CD-1C9B53767859}.Debug|Any CPU.ActiveCfg = Debug|Any CPU
		{F73E7EF8-EC85-94DB-54CD-1C9B53767859}.Debug|Any CPU.Build.0 = Debug|Any CPU
		{F73E7EF8-EC85-94DB-54CD-1C9B53767859}.Release|Any CPU.ActiveCfg = Release|Any CPU
		{F73E7EF8-EC85-94DB-54CD-1C9B53767859}.Release|Any CPU.Build.0 = Release|Any CPU
		{55CCC858-9183-949A-070D-6DFA9D89D1BF}.Debug|Any CPU.ActiveCfg = Debug|Any CPU
		{55CCC858-9183-949A-070D-6DFA9D89D1BF}.Debug|Any CPU.Build.0 = Debug|Any CPU
		{55CCC858-9183-949A-070D-6DFA9D89D1BF}.Release|Any CPU.ActiveCfg = Release|Any CPU
		{55CCC858-9183-949A-070D-6DFA9D89D1BF}.Release|Any CPU.Build.0 = Release|Any CPU
	EndGlobalSection
	GlobalSection(SolutionProperties) = preSolution
		HideSolutionNode = FALSE
	EndGlobalSection
									GlobalSection(MonoDevelopProperties) = preSolution
		StartupItem = Assembly-CSharp.csproj
		Policies = $0
		$0.TextStylePolicy = $1
		$1.inheritsSet = null
		$1.scope = text/x-csharp
		$0.CSharpFormattingPolicy = $2
		$2.inheritsSet = Mono
		$2.inheritsScope = text/x-csharp
		$2.scope = text/x-csharp
		$0.TextStylePolicy = $3
		$3.FileWidth = 120
		$3.TabWidth = 4
		$3.EolMarker = Unix
		$3.inheritsSet = Mono
		$3.inheritsScope = text/plain
		$3.scope = text/plain
	EndGlobalSection

EndGlobal
